// !$*UTF8*$!
{
	archiveVersion = 1;
	classes = {
	};
	objectVersion = 55;
	objects = {

/* Begin PBXBuildFile section */
		931FFD4527EB227D004CE17D /* SwiftUIViewDemoApp.swift in Sources */ = {isa = PBXBuildFile; fileRef = 931FFD4427EB227D004CE17D /* SwiftUIViewDemoApp.swift */; };
		931FFD4927EB2280004CE17D /* Assets.xcassets in Resources */ = {isa = PBXBuildFile; fileRef = 931FFD4827EB2280004CE17D /* Assets.xcassets */; };
		931FFD4C27EB2280004CE17D /* Preview Assets.xcassets in Resources */ = {isa = PBXBuildFile; fileRef = 931FFD4B27EB2280004CE17D /* Preview Assets.xcassets */; };
		931FFD6127EB22AA004CE17D /* DisclosureGroupView.swift in Sources */ = {isa = PBXBuildFile; fileRef = 931FFD5327EB22A9004CE17D /* DisclosureGroupView.swift */; };
		931FFD6227EB22AA004CE17D /* ProfileView.swift in Sources */ = {isa = PBXBuildFile; fileRef = 931FFD5427EB22A9004CE17D /* ProfileView.swift */; };
		931FFD6327EB22AA004CE17D /* DepartmentListView.swift in Sources */ = {isa = PBXBuildFile; fileRef = 931FFD5527EB22A9004CE17D /* DepartmentListView.swift */; };
		931FFD6427EB22AA004CE17D /* StackScrollView.swift in Sources */ = {isa = PBXBuildFile; fileRef = 931FFD5627EB22AA004CE17D /* StackScrollView.swift */; };
		931FFD6527EB22AA004CE17D /* NavigationColorView.swift in Sources */ = {isa = PBXBuildFile; fileRef = 931FFD5727EB22AA004CE17D /* NavigationColorView.swift */; };
		931FFD6627EB22AA004CE17D /* TextAndImageView.swift in Sources */ = {isa = PBXBuildFile; fileRef = 931FFD5827EB22AA004CE17D /* TextAndImageView.swift */; };
		931FFD6727EB22AA004CE17D /* TabSystemView.swift in Sources */ = {isa = PBXBuildFile; fileRef = 931FFD5927EB22AA004CE17D /* TabSystemView.swift */; };
		931FFD6827EB22AA004CE17D /* ControlAndIndicatorView.swift in Sources */ = {isa = PBXBuildFile; fileRef = 931FFD5A27EB22AA004CE17D /* ControlAndIndicatorView.swift */; };
		931FFD6927EB22AA004CE17D /* GridProfileView.swift in Sources */ = {isa = PBXBuildFile; fileRef = 931FFD5B27EB22AA004CE17D /* GridProfileView.swift */; };
		931FFD6A27EB22AA004CE17D /* ShapeView.swift in Sources */ = {isa = PBXBuildFile; fileRef = 931FFD5C27EB22AA004CE17D /* ShapeView.swift */; };
		931FFD6B27EB22AA004CE17D /* OutlineGroupView.swift in Sources */ = {isa = PBXBuildFile; fileRef = 931FFD5D27EB22AA004CE17D /* OutlineGroupView.swift */; };
		931FFD6C27EB22AA004CE17D /* StackGroupView.swift in Sources */ = {isa = PBXBuildFile; fileRef = 931FFD5E27EB22AA004CE17D /* StackGroupView.swift */; };
		931FFD6D27EB22AA004CE17D /* GridUnicodeView.swift in Sources */ = {isa = PBXBuildFile; fileRef = 931FFD5F27EB22AA004CE17D /* GridUnicodeView.swift */; };
		931FFD6E27EB22AA004CE17D /* GroupTextView.swift in Sources */ = {isa = PBXBuildFile; fileRef = 931FFD6027EB22AA004CE17D /* GroupTextView.swift */; };
/* End PBXBuildFile section */

/* Begin PBXFileReference section */
		931FFD4127EB227D004CE17D /* SwiftUIViewDemo.app */ = {isa = PBXFileReference; explicitFileType = wrapper.application; includeInIndex = 0; path = SwiftUIViewDemo.app; sourceTree = BUILT_PRODUCTS_DIR; };
		931FFD4427EB227D004CE17D /* SwiftUIViewDemoApp.swift */ = {isa = PBXFileReference; lastKnownFileType = sourcecode.swift; path = SwiftUIViewDemoApp.swift; sourceTree = "<group>"; };
		931FFD4827EB2280004CE17D /* Assets.xcassets */ = {isa = PBXFileReference; lastKnownFileType = folder.assetcatalog; path = Assets.xcassets; sourceTree = "<group>"; };
		931FFD4B27EB2280004CE17D /* Preview Assets.xcassets */ = {isa = PBXFileReference; lastKnownFileType = folder.assetcatalog; path = "Preview Assets.xcassets"; sourceTree = "<group>"; };
		931FFD5327EB22A9004CE17D /* DisclosureGroupView.swift */ = {isa = PBXFileReference; fileEncoding = 4; lastKnownFileType = sourcecode.swift; path = DisclosureGroupView.swift; sourceTree = "<group>"; };
		931FFD5427EB22A9004CE17D /* ProfileView.swift */ = {isa = PBXFileReference; fileEncoding = 4; lastKnownFileType = sourcecode.swift; path = ProfileView.swift; sourceTree = "<group>"; };
		931FFD5527EB22A9004CE17D /* DepartmentListView.swift */ = {isa = PBXFileReference; fileEncoding = 4; lastKnownFileType = sourcecode.swift; path = DepartmentListView.swift; sourceTree = "<group>"; };
		931FFD5627EB22AA004CE17D /* StackScrollView.swift */ = {isa = PBXFileReference; fileEncoding = 4; lastKnownFileType = sourcecode.swift; path = StackScrollView.swift; sourceTree = "<group>"; };
		931FFD5727EB22AA004CE17D /* NavigationColorView.swift */ = {isa = PBXFileReference; fileEncoding = 4; lastKnownFileType = sourcecode.swift; path = NavigationColorView.swift; sourceTree = "<group>"; };
		931FFD5827EB22AA004CE17D /* TextAndImageView.swift */ = {isa = PBXFileReference; fileEncoding = 4; lastKnownFileType = sourcecode.swift; path = TextAndImageView.swift; sourceTree = "<group>"; };
		931FFD5927EB22AA004CE17D /* TabSystemView.swift */ = {isa = PBXFileReference; fileEncoding = 4; lastKnownFileType = sourcecode.swift; path = TabSystemView.swift; sourceTree = "<group>"; };
		931FFD5A27EB22AA004CE17D /* ControlAndIndicatorView.swift */ = {isa = PBXFileReference; fileEncoding = 4; lastKnownFileType = sourcecode.swift; path = ControlAndIndicatorView.swift; sourceTree = "<group>"; };
		931FFD5B27EB22AA004CE17D /* GridProfileView.swift */ = {isa = PBXFileReference; fileEncoding = 4; lastKnownFileType = sourcecode.swift; path = GridProfileView.swift; sourceTree = "<group>"; };
		931FFD5C27EB22AA004CE17D /* ShapeView.swift */ = {isa = PBXFileReference; fileEncoding = 4; lastKnownFileType = sourcecode.swift; path = ShapeView.swift; sourceTree = "<group>"; };
		931FFD5D27EB22AA004CE17D /* OutlineGroupView.swift */ = {isa = PBXFileReference; fileEncoding = 4; lastKnownFileType = sourcecode.swift; path = OutlineGroupView.swift; sourceTree = "<group>"; };
		931FFD5E27EB22AA004CE17D /* StackGroupView.swift */ = {isa = PBXFileReference; fileEncoding = 4; lastKnownFileType = sourcecode.swift; path = StackGroupView.swift; sourceTree = "<group>"; };
		931FFD5F27EB22AA004CE17D /* GridUnicodeView.swift */ = {isa = PBXFileReference; fileEncoding = 4; lastKnownFileType = sourcecode.swift; path = GridUnicodeView.swift; sourceTree = "<group>"; };
		931FFD6027EB22AA004CE17D /* GroupTextView.swift */ = {isa = PBXFileReference; fileEncoding = 4; lastKnownFileType = sourcecode.swift; path = GroupTextView.swift; sourceTree = "<group>"; };
/* End PBXFileReference section */

/* Begin PBXFrameworksBuildPhase section */
		931FFD3E27EB227D004CE17D /* Frameworks */ = {
			isa = PBXFrameworksBuildPhase;
			buildActionMask = 2147483647;
			files = (
			);
			runOnlyForDeploymentPostprocessing = 0;
		};
/* End PBXFrameworksBuildPhase section */

/* Begin PBXGroup section */
		931FFD3827EB227D004CE17D = {
			isa = PBXGroup;
			children = (
				931FFD4327EB227D004CE17D /* SwiftUIViewDemo */,
				931FFD4227EB227D004CE17D /* Products */,
			);
			sourceTree = "<group>";
		};
		931FFD4227EB227D004CE17D /* Products */ = {
			isa = PBXGroup;
			children = (
				931FFD4127EB227D004CE17D /* SwiftUIViewDemo.app */,
			);
			name = Products;
			sourceTree = "<group>";
		};
		931FFD4327EB227D004CE17D /* SwiftUIViewDemo */ = {
			isa = PBXGroup;
			children = (
				931FFD4427EB227D004CE17D /* SwiftUIViewDemoApp.swift */,
				931FFD5227EB229A004CE17D /* View */,
				931FFD4827EB2280004CE17D /* Assets.xcassets */,
				931FFD4A27EB2280004CE17D /* Preview Content */,
			);
			path = SwiftUIViewDemo;
			sourceTree = "<group>";
		};
		931FFD4A27EB2280004CE17D /* Preview Content */ = {
			isa = PBXGroup;
			children = (
				931FFD4B27EB2280004CE17D /* Preview Assets.xcassets */,
			);
			path = "Preview Content";
			sourceTree = "<group>";
		};
		931FFD5227EB229A004CE17D /* View */ = {
			isa = PBXGroup;
			children = (
				931FFD5827EB22AA004CE17D /* TextAndImageView.swift */,
				931FFD5A27EB22AA004CE17D /* ControlAndIndicatorView.swift */,
				931FFD5C27EB22AA004CE17D /* ShapeView.swift */,
				931FFD5427EB22A9004CE17D /* ProfileView.swift */,
				931FFD5627EB22AA004CE17D /* StackScrollView.swift */,
				931FFD5E27EB22AA004CE17D /* StackGroupView.swift */,
				931FFD5F27EB22AA004CE17D /* GridUnicodeView.swift */,
				931FFD5B27EB22AA004CE17D /* GridProfileView.swift */,
				931FFD5527EB22A9004CE17D /* DepartmentListView.swift */,
				931FFD5327EB22A9004CE17D /* DisclosureGroupView.swift */,
				931FFD6027EB22AA004CE17D /* GroupTextView.swift */,
				931FFD5727EB22AA004CE17D /* NavigationColorView.swift */,
				931FFD5D27EB22AA004CE17D /* OutlineGroupView.swift */,
				931FFD5927EB22AA004CE17D /* TabSystemView.swift */,
			);
			path = View;
			sourceTree = "<group>";
		};
/* End PBXGroup section */

/* Begin PBXNativeTarget section */
		931FFD4027EB227D004CE17D /* SwiftUIViewDemo */ = {
			isa = PBXNativeTarget;
			buildConfigurationList = 931FFD4F27EB2280004CE17D /* Build configuration list for PBXNativeTarget "SwiftUIViewDemo" */;
			buildPhases = (
				931FFD3D27EB227D004CE17D /* Sources */,
				931FFD3E27EB227D004CE17D /* Frameworks */,
				931FFD3F27EB227D004CE17D /* Resources */,
			);
			buildRules = (
			);
			dependencies = (
			);
			name = SwiftUIViewDemo;
			productName = SwiftUIViewDemo;
			productReference = 931FFD4127EB227D004CE17D /* SwiftUIViewDemo.app */;
			productType = "com.apple.product-type.application";
		};
/* End PBXNativeTarget section */

/* Begin PBXProject section */
		931FFD3927EB227D004CE17D /* Project object */ = {
			isa = PBXProject;
			attributes = {
				BuildIndependentTargetsInParallel = 1;
				LastSwiftUpdateCheck = 1300;
				LastUpgradeCheck = 1300;
				TargetAttributes = {
					931FFD4027EB227D004CE17D = {
						CreatedOnToolsVersion = 13.0;
					};
				};
			};
			buildConfigurationList = 931FFD3C27EB227D004CE17D /* Build configuration list for PBXProject "SwiftUIViewDemo" */;
			compatibilityVersion = "Xcode 13.0";
			developmentRegion = en;
			hasScannedForEncodings = 0;
			knownRegions = (
				en,
				Base,
			);
			mainGroup = 931FFD3827EB227D004CE17D;
			productRefGroup = 931FFD4227EB227D004CE17D /* Products */;
			projectDirPath = "";
			projectRoot = "";
			targets = (
				931FFD4027EB227D004CE17D /* SwiftUIViewDemo */,
			);
		};
/* End PBXProject section */

/* Begin PBXResourcesBuildPhase section */
		931FFD3F27EB227D004CE17D /* Resources */ = {
			isa = PBXResourcesBuildPhase;
			buildActionMask = 2147483647;
			files = (
				931FFD4C27EB2280004CE17D /* Preview Assets.xcassets in Resources */,
				931FFD4927EB2280004CE17D /* Assets.xcassets in Resources */,
			);
			runOnlyForDeploymentPostprocessing = 0;
		};
/* End PBXResourcesBuildPhase section */

/* Begin PBXSourcesBuildPhase section */
		931FFD3D27EB227D004CE17D /* Sources */ = {
			isa = PBXSourcesBuildPhase;
			buildActionMask = 2147483647;
			files = (
				931FFD6827EB22AA004CE17D /* ControlAndIndicatorView.swift in Sources */,
				931FFD6427EB22AA004CE17D /* StackScrollView.swift in Sources */,
				931FFD6B27EB22AA004CE17D /* OutlineGroupView.swift in Sources */,
				931FFD6727EB22AA004CE17D /* TabSystemView.swift in Sources */,
				931FFD6327EB22AA004CE17D /* DepartmentListView.swift in Sources */,
				931FFD6227EB22AA004CE17D /* ProfileView.swift in Sources */,
				931FFD6527EB22AA004CE17D /* NavigationColorView.swift in Sources */,
				931FFD6A27EB22AA004CE17D /* ShapeView.swift in Sources */,
				931FFD4527EB227D004CE17D /* SwiftUIViewDemoApp.swift in Sources */,
				931FFD6127EB22AA004CE17D /* DisclosureGroupView.swift in Sources */,
				931FFD6E27EB22AA004CE17D /* GroupTextView.swift in Sources */,
				931FFD6D27EB22AA004CE17D /* GridUnicodeView.swift in Sources */,
				931FFD6627EB22AA004CE17D /* TextAndImageView.swift in Sources */,
				931FFD6927EB22AA004CE17D /* GridProfileView.swift in Sources */,
				931FFD6C27EB22AA004CE17D /* StackGroupView.swift in Sources */,
			);
			runOnlyForDeploymentPostprocessing = 0;
		};
/* End PBXSourcesBuildPhase section */

/* Begin XCBuildConfiguration section */
		931FFD4D27EB2280004CE17D /* Debug */ = {
			isa = XCBuildConfiguration;
			buildSettings = {
				ALWAYS_SEARCH_USER_PATHS = NO;
				CLANG_ANALYZER_NONNULL = YES;
				CLANG_ANALYZER_NUMBER_OBJECT_CONVERSION = YES_AGGRESSIVE;
				CLANG_CXX_LANGUAGE_STANDARD = "gnu++17";
				CLANG_CXX_LIBRARY = "libc++";
				CLANG_ENABLE_MODULES = YES;
				CLANG_ENABLE_OBJC_ARC = YES;
				CLANG_ENABLE_OBJC_WEAK = YES;
				CLANG_WARN_BLOCK_CAPTURE_AUTORELEASING = YES;
				CLANG_WARN_BOOL_CONVERSION = YES;
				CLANG_WARN_COMMA = YES;
				CLANG_WARN_CONSTANT_CONVERSION = YES;
				CLANG_WARN_DEPRECATED_OBJC_IMPLEMENTATIONS = YES;
				CLANG_WARN_DIRECT_OBJC_ISA_USAGE = YES_ERROR;
				CLANG_WARN_DOCUMENTATION_COMMENTS = YES;
				CLANG_WARN_EMPTY_BODY = YES;
				CLANG_WARN_ENUM_CONVERSION = YES;
				CLANG_WARN_INFINITE_RECURSION = YES;
				CLANG_WARN_INT_CONVERSION = YES;
				CLANG_WARN_NON_LITERAL_NULL_CONVERSION = YES;
				CLANG_WARN_OBJC_IMPLICIT_RETAIN_SELF = YES;
				CLANG_WARN_OBJC_LITERAL_CONVERSION = YES;
				CLANG_WARN_OBJC_ROOT_CLASS = YES_ERROR;
				CLANG_WARN_QUOTED_INCLUDE_IN_FRAMEWORK_HEADER = YES;
				CLANG_WARN_RANGE_LOOP_ANALYSIS = YES;
				CLANG_WARN_STRICT_PROTOTYPES = YES;
				CLANG_WARN_SUSPICIOUS_MOVE = YES;
				CLANG_WARN_UNGUARDED_AVAILABILITY = YES_AGGRESSIVE;
				CLANG_WARN_UNREACHABLE_CODE = YES;
				CLANG_WARN__DUPLICATE_METHOD_MATCH = YES;
				COPY_PHASE_STRIP = NO;
				DEBUG_INFORMATION_FORMAT = dwarf;
				ENABLE_STRICT_OBJC_MSGSEND = YES;
				ENABLE_TESTABILITY = YES;
				GCC_C_LANGUAGE_STANDARD = gnu11;
				GCC_DYNAMIC_NO_PIC = NO;
				GCC_NO_COMMON_BLOCKS = YES;
				GCC_OPTIMIZATION_LEVEL = 0;
				GCC_PREPROCESSOR_DEFINITIONS = (
					"DEBUG=1",
					"$(inherited)",
				);
				GCC_WARN_64_TO_32_BIT_CONVERSION = YES;
				GCC_WARN_ABOUT_RETURN_TYPE = YES_ERROR;
				GCC_WARN_UNDECLARED_SELECTOR = YES;
				GCC_WARN_UNINITIALIZED_AUTOS = YES_AGGRESSIVE;
				GCC_WARN_UNUSED_FUNCTION = YES;
				GCC_WARN_UNUSED_VARIABLE = YES;
				IPHONEOS_DEPLOYMENT_TARGET = 15.0;
				MTL_ENABLE_DEBUG_INFO = INCLUDE_SOURCE;
				MTL_FAST_MATH = YES;
				ONLY_ACTIVE_ARCH = YES;
				SDKROOT = iphoneos;
				SWIFT_ACTIVE_COMPILATION_CONDITIONS = DEBUG;
				SWIFT_OPTIMIZATION_LEVEL = "-Onone";
			};
			name = Debug;
		};
		931FFD4E27EB2280004CE17D /* Release */ = {
			isa = XCBuildConfiguration;
			buildSettings = {
				ALWAYS_SEARCH_USER_PATHS = NO;
				CLANG_ANALYZER_NONNULL = YES;
				CLANG_ANALYZER_NUMBER_OBJECT_CONVERSION = YES_AGGRESSIVE;
				CLANG_CXX_LANGUAGE_STANDARD = "gnu++17";
				CLANG_CXX_LIBRARY = "libc++";
				CLANG_ENABLE_MODULES = YES;
				CLANG_ENABLE_OBJC_ARC = YES;
				CLANG_ENABLE_OBJC_WEAK = YES;
				CLANG_WARN_BLOCK_CAPTURE_AUTORELEASING = YES;
				CLANG_WARN_BOOL_CONVERSION = YES;
				CLANG_WARN_COMMA = YES;
				CLANG_WARN_CONSTANT_CONVERSION = YES;
				CLANG_WARN_DEPRECATED_OBJC_IMPLEMENTATIONS = YES;
				CLANG_WARN_DIRECT_OBJC_ISA_USAGE = YES_ERROR;
				CLANG_WARN_DOCUMENTATION_COMMENTS = YES;
				CLANG_WARN_EMPTY_BODY = YES;
				CLANG_WARN_ENUM_CONVERSION = YES;
				CLANG_WARN_INFINITE_RECURSION = YES;
				CLANG_WARN_INT_CONVERSION = YES;
				CLANG_WARN_NON_LITERAL_NULL_CONVERSION = YES;
				CLANG_WARN_OBJC_IMPLICIT_RETAIN_SELF = YES;
				CLANG_WARN_OBJC_LITERAL_CONVERSION = YES;
				CLANG_WARN_OBJC_ROOT_CLASS = YES_ERROR;
				CLANG_WARN_QUOTED_INCLUDE_IN_FRAMEWORK_HEADER = YES;
				CLANG_WARN_RANGE_LOOP_ANALYSIS = YES;
				CLANG_WARN_STRICT_PROTOTYPES = YES;
				CLANG_WARN_SUSPICIOUS_MOVE = YES;
				CLANG_WARN_UNGUARDED_AVAILABILITY = YES_AGGRESSIVE;
				CLANG_WARN_UNREACHABLE_CODE = YES;
				CLANG_WARN__DUPLICATE_METHOD_MATCH = YES;
				COPY_PHASE_STRIP = NO;
				DEBUG_INFORMATION_FORMAT = "dwarf-with-dsym";
				ENABLE_NS_ASSERTIONS = NO;
				ENABLE_STRICT_OBJC_MSGSEND = YES;
				GCC_C_LANGUAGE_STANDARD = gnu11;
				GCC_NO_COMMON_BLOCKS = YES;
				GCC_WARN_64_TO_32_BIT_CONVERSION = YES;
				GCC_WARN_ABOUT_RETURN_TYPE = YES_ERROR;
				GCC_WARN_UNDECLARED_SELECTOR = YES;
				GCC_WARN_UNINITIALIZED_AUTOS = YES_AGGRESSIVE;
				GCC_WARN_UNUSED_FUNCTION = YES;
				GCC_WARN_UNUSED_VARIABLE = YES;
				IPHONEOS_DEPLOYMENT_TARGET = 15.0;
				MTL_ENABLE_DEBUG_INFO = NO;
				MTL_FAST_MATH = YES;
				SDKROOT = iphoneos;
				SWIFT_COMPILATION_MODE = wholemodule;
				SWIFT_OPTIMIZATION_LEVEL = "-O";
				VALIDATE_PRODUCT = YES;
			};
			name = Release;
		};
		931FFD5027EB2280004CE17D /* Debug */ = {
			isa = XCBuildConfiguration;
			buildSettings = {
				ASSETCATALOG_COMPILER_APPICON_NAME = AppIcon;
				ASSETCATALOG_COMPILER_GLOBAL_ACCENT_COLOR_NAME = AccentColor;
				CODE_SIGN_STYLE = Automatic;
				CURRENT_PROJECT_VERSION = 1;
				DEVELOPMENT_ASSET_PATHS = "\"SwiftUIViewDemo/Preview Content\"";
				DEVELOPMENT_TEAM = MPYY7T3888;
				ENABLE_PREVIEWS = YES;
				GENERATE_INFOPLIST_FILE = YES;
				INFOPLIST_KEY_UIApplicationSceneManifest_Generation = YES;
				INFOPLIST_KEY_UIApplicationSupportsIndirectInputEvents = YES;
				INFOPLIST_KEY_UILaunchScreen_Generation = YES;
				INFOPLIST_KEY_UISupportedInterfaceOrientations_iPad = "UIInterfaceOrientationPortrait UIInterfaceOrientationPortraitUpsideDown UIInterfaceOrientationLandscapeLeft UIInterfaceOrientationLandscapeRight";
				INFOPLIST_KEY_UISupportedInterfaceOrientations_iPhone = "UIInterfaceOrientationPortrait UIInterfaceOrientationLandscapeLeft UIInterfaceOrientationLandscapeRight";
				IPHONEOS_DEPLOYMENT_TARGET = 14.0;
				LD_RUNPATH_SEARCH_PATHS = (
					"$(inherited)",
					"@executable_path/Frameworks",
				);
				MARKETING_VERSION = 1.0;
				PRODUCT_BUNDLE_IDENTIFIER = com.pinkpika.SwiftUIViewDemo;
				PRODUCT_NAME = "$(TARGET_NAME)";
				SWIFT_EMIT_LOC_STRINGS = YES;
				SWIFT_VERSION = 5.0;
				TARGETED_DEVICE_FAMILY = "1,2";
			};
			name = Debug;
		};
		931FFD5127EB2280004CE17D /* Release */ = {
			isa = XCBuildConfiguration;
			buildSettings = {
				ASSETCATALOG_COMPILER_APPICON_NAME = AppIcon;
				ASSETCATALOG_COMPILER_GLOBAL_ACCENT_COLOR_NAME = AccentColor;
				CODE_SIGN_STYLE = Automatic;
				CURRENT_PROJECT_VERSION = 1;
				DEVELOPMENT_ASSET_PATHS = "\"SwiftUIViewDemo/Preview Content\"";
				DEVELOPMENT_TEAM = MPYY7T3888;
				ENABLE_PREVIEWS = YES;
				GENERATE_INFOPLIST_FILE = YES;
				INFOPLIST_KEY_UIApplicationSceneManifest_Generation = YES;
				INFOPLIST_KEY_UIApplicationSupportsIndirectInputEvents = YES;
				INFOPLIST_KEY_UILaunchScreen_Generation = YES;
				INFOPLIST_KEY_UISupportedInterfaceOrientations_iPad = "UIInterfaceOrientationPortrait UIInterfaceOrientationPortraitUpsideDown UIInterfaceOrientationLandscapeLeft UIInterfaceOrientationLandscapeRight";
				INFOPLIST_KEY_UISupportedInterfaceOrientations_iPhone = "UIInterfaceOrientationPortrait UIInterfaceOrientationLandscapeLeft UIInterfaceOrientationLandscapeRight";
				IPHONEOS_DEPLOYMENT_TARGET = 14.0;
				LD_RUNPATH_SEARCH_PATHS = (
					"$(inherited)",
					"@executable_path/Frameworks",
				);
				MARKETING_VERSION = 1.0;
				PRODUCT_BUNDLE_IDENTIFIER = com.pinkpika.SwiftUIViewDemo;
				PRODUCT_NAME = "$(TARGET_NAME)";
				SWIFT_EMIT_LOC_STRINGS = YES;
				SWIFT_VERSION = 5.0;
				TARGETED_DEVICE_FAMILY = "1,2";
			};
			name = Release;
		};
/* End XCBuildConfiguration section */

/* Begin XCConfigurationList section */
		931FFD3C27EB227D004CE17D /* Build configuration list for PBXProject "SwiftUIViewDemo" */ = {
			isa = XCConfigurationList;
			buildConfigurations = (
				931FFD4D27EB2280004CE17D /* Debug */,
				931FFD4E27EB2280004CE17D /* Release */,
			);
			defaultConfigurationIsVisible = 0;
			defaultConfigurationName = Release;
		};
		931FFD4F27EB2280004CE17D /* Build configuration list for PBXNativeTarget "SwiftUIViewDemo" */ = {
			isa = XCConfigurationList;
			buildConfigurations = (
				931FFD5027EB2280004CE17D /* Debug */,
				931FFD5127EB2280004CE17D /* Release */,
			);
			defaultConfigurationIsVisible = 0;
			defaultConfigurationName = Release;
		};
/* End XCConfigurationList section */
	};
	rootObject = 931FFD3927EB227D004CE17D /* Project object */;
}
